
Microsoft Visual Studio Solution File, Format Version 12.00
# Visual Studio 15
VisualStudioVersion = 15.0.28307.539
MinimumVisualStudioVersion = 10.0.40219.1
Project("{FAE04EC0-301F-11D3-BF4B-00C04F79EFBC}") = "MyVidly", "MyVidly\MyVidly.csproj", "{C407768F-7167-4F6D-8B34-479A0F6E005C}"
EndProject
Project("{FAE04EC0-301F-11D3-BF4B-00C04F79EFBC}") = "MyVidly.Tests", "MyVidly.Tests\MyVidly.Tests.csproj", "{306EA05D-9CA2-4F10-8435-00E4C1618563}"
EndProject
Global
	GlobalSection(SolutionConfigurationPlatforms) = preSolution
		Debug|Any CPU = Debug|Any CPU
		Release|Any CPU = Release|Any CPU
	EndGlobalSection
	GlobalSection(ProjectConfigurationPlatforms) = postSolution
		{C407768F-7167-4F6D-8B34-479A0F6E005C}.Debug|Any CPU.ActiveCfg = Debug|Any CPU
		{C407768F-7167-4F6D-8B34-479A0F6E005C}.Debug|Any CPU.Build.0 = Debug|Any CPU
		{C407768F-7167-4F6D-8B34-479A0F6E005C}.Release|Any CPU.ActiveCfg = Release|Any CPU
		{C407768F-7167-4F6D-8B34-479A0F6E005C}.Release|Any CPU.Build.0 = Release|Any CPU
		{306EA05D-9CA2-4F10-8435-00E4C1618563}.Debug|Any CPU.ActiveCfg = Debug|Any CPU
		{306EA05D-9CA2-4F10-8435-00E4C1618563}.Debug|Any CPU.Build.0 = Debug|Any CPU
		{306EA05D-9CA2-4F10-8435-00E4C1618563}.Release|Any CPU.ActiveCfg = Release|Any CPU
		{306EA05D-9CA2-4F10-8435-00E4C1618563}.Release|Any CPU.Build.0 = Release|Any CPU
	EndGlobalSection
	GlobalSection(SolutionProperties) = preSolution
		HideSolutionNode = FALSE
	EndGlobalSection
	GlobalSection(ExtensibilityGlobals) = postSolution
		SolutionGuid = {C077E20F-D498-45EE-ABC9-1AA431E7EE74}
	EndGlobalSection
EndGlobal
